
Microsoft Visual Studio Solution File, Format Version 12.00
# Visual Studio Version 17
VisualStudioVersion = 17.11.35312.102
MinimumVisualStudioVersion = 10.0.40219.1
Project("{9A19103F-16F7-4668-BE54-9A1E7A4F7556}") = "Lambda", "Lambda\Lambda.csproj", "{5B555692-965E-4D28-887A-E5F7854F3B30}"
EndProject
Project("{FAE04EC0-301F-11D3-BF4B-00C04F79EFBC}") = "LinqPratik1", "LinqPratşk1\LinqPratik1.csproj", "{A42554FF-03A6-455D-B78A-3E9A005CEAB1}"
EndProject
Project("{FAE04EC0-301F-11D3-BF4B-00C04F79EFBC}") = "LinqPatikafy", "LinqPatikafy\LinqPatikafy.csproj", "{72C1B581-DB62-49B7-B40F-9E697C0EE7A5}"
EndProject
Global
	GlobalSection(SolutionConfigurationPlatforms) = preSolution
		Debug|Any CPU = Debug|Any CPU
		Release|Any CPU = Release|Any CPU
	EndGlobalSection
	GlobalSection(ProjectConfigurationPlatforms) = postSolution
		{5B555692-965E-4D28-887A-E5F7854F3B30}.Debug|Any CPU.ActiveCfg = Debug|Any CPU
		{5B555692-965E-4D28-887A-E5F7854F3B30}.Debug|Any CPU.Build.0 = Debug|Any CPU
		{5B555692-965E-4D28-887A-E5F7854F3B30}.Release|Any CPU.ActiveCfg = Release|Any CPU
		{5B555692-965E-4D28-887A-E5F7854F3B30}.Release|Any CPU.Build.0 = Release|Any CPU
		{A42554FF-03A6-455D-B78A-3E9A005CEAB1}.Debug|Any CPU.ActiveCfg = Debug|Any CPU
		{A42554FF-03A6-455D-B78A-3E9A005CEAB1}.Debug|Any CPU.Build.0 = Debug|Any CPU
		{A42554FF-03A6-455D-B78A-3E9A005CEAB1}.Release|Any CPU.ActiveCfg = Release|Any CPU
		{A42554FF-03A6-455D-B78A-3E9A005CEAB1}.Release|Any CPU.Build.0 = Release|Any CPU
		{72C1B581-DB62-49B7-B40F-9E697C0EE7A5}.Debug|Any CPU.ActiveCfg = Debug|Any CPU
		{72C1B581-DB62-49B7-B40F-9E697C0EE7A5}.Debug|Any CPU.Build.0 = Debug|Any CPU
		{72C1B581-DB62-49B7-B40F-9E697C0EE7A5}.Release|Any CPU.ActiveCfg = Release|Any CPU
		{72C1B581-DB62-49B7-B40F-9E697C0EE7A5}.Release|Any CPU.Build.0 = Release|Any CPU
	EndGlobalSection
	GlobalSection(SolutionProperties) = preSolution
		HideSolutionNode = FALSE
	EndGlobalSection
	GlobalSection(ExtensibilityGlobals) = postSolution
		SolutionGuid = {A160892B-A326-4C04-B939-06565CB78609}
	EndGlobalSection
EndGlobal
